Microsoft Visual Studio Solution File, Format Version 12.00
# Visual Studio Version 17
VisualStudioVersion = 17.5.2.0
MinimumVisualStudioVersion = 10.0.40219.1
Project("{FAE04EC0-301F-11D3-BF4B-00C04F79EFBC}") = "AirportBooking", "AirportBooking\AirportBooking.csproj", "{373F113E-3069-4EE9-3EEB-3A353AF3408B}"
EndProject
Global
	GlobalSection(SolutionConfigurationPlatforms) = preSolution
		Debug|Any CPU = Debug|Any CPU
		Release|Any CPU = Release|Any CPU
	EndGlobalSection
	GlobalSection(ProjectConfigurationPlatforms) = postSolution
		{373F113E-3069-4EE9-3EEB-3A353AF3408B}.Debug|Any CPU.ActiveCfg = Debug|Any CPU
		{373F113E-3069-4EE9-3EEB-3A353AF3408B}.Debug|Any CPU.Build.0 = Debug|Any CPU
		{373F113E-3069-4EE9-3EEB-3A353AF3408B}.Release|Any CPU.ActiveCfg = Release|Any CPU
		{373F113E-3069-4EE9-3EEB-3A353AF3408B}.Release|Any CPU.Build.0 = Release|Any CPU
	EndGlobalSection
	GlobalSection(SolutionProperties) = preSolution
		HideSolutionNode = FALSE
	EndGlobalSection
	GlobalSection(ExtensibilityGlobals) = postSolution
		SolutionGuid = {D2172DD0-AF05-4F9F-9594-879AE7785C80}
	EndGlobalSection
EndGlobal
